
Microsoft Visual Studio Solution File, Format Version 12.00
# Visual Studio Version 16
VisualStudioVersion = 16.0.29503.13
MinimumVisualStudioVersion = 10.0.40219.1
Project("{FAE04EC0-301F-11D3-BF4B-00C04F79EFBC}") = "ShowMoreSample", "ShowMoreSample\ShowMoreSample.csproj", "{DBD26425-5126-410A-B3C9-3839E9354B7C}"
EndProject
Global
	GlobalSection(SolutionConfigurationPlatforms) = preSolution
		Debug|Any CPU = Debug|Any CPU
		Release|Any CPU = Release|Any CPU
	EndGlobalSection
	GlobalSection(ProjectConfigurationPlatforms) = postSolution
		{DBD26425-5126-410A-B3C9-3839E9354B7C}.Debug|Any CPU.ActiveCfg = Debug|Any CPU
		{DBD26425-5126-410A-B3C9-3839E9354B7C}.Debug|Any CPU.Build.0 = Debug|Any CPU
		{DBD26425-5126-410A-B3C9-3839E9354B7C}.Release|Any CPU.ActiveCfg = Release|Any CPU
		{DBD26425-5126-410A-B3C9-3839E9354B7C}.Release|Any CPU.Build.0 = Release|Any CPU
	EndGlobalSection
	GlobalSection(SolutionProperties) = preSolution
		HideSolutionNode = FALSE
	EndGlobalSection
	GlobalSection(ExtensibilityGlobals) = postSolution
		SolutionGuid = {C29DB985-5531-47AD-9014-F7392EF54879}
	EndGlobalSection
EndGlobal
